
Microsoft Visual Studio Solution File, Format Version 12.00
# Visual Studio Version 16
VisualStudioVersion = 16.0.30523.141
MinimumVisualStudioVersion = 10.0.40219.1
Project("{FAE04EC0-301F-11D3-BF4B-00C04F79EFBC}") = "Onit_Diana_Lab5", "Onit_Diana_Lab5.csproj", "{5C7AEDB1-66D5-481F-AB1E-FE67A35640C6}"
EndProject
Global
	GlobalSection(SolutionConfigurationPlatforms) = preSolution
		Debug|Any CPU = Debug|Any CPU
		Release|Any CPU = Release|Any CPU
	EndGlobalSection
	GlobalSection(ProjectConfigurationPlatforms) = postSolution
		{5C7AEDB1-66D5-481F-AB1E-FE67A35640C6}.Debug|Any CPU.ActiveCfg = Debug|Any CPU
		{5C7AEDB1-66D5-481F-AB1E-FE67A35640C6}.Debug|Any CPU.Build.0 = Debug|Any CPU
		{5C7AEDB1-66D5-481F-AB1E-FE67A35640C6}.Release|Any CPU.ActiveCfg = Release|Any CPU
		{5C7AEDB1-66D5-481F-AB1E-FE67A35640C6}.Release|Any CPU.Build.0 = Release|Any CPU
	EndGlobalSection
	GlobalSection(SolutionProperties) = preSolution
		HideSolutionNode = FALSE
	EndGlobalSection
	GlobalSection(ExtensibilityGlobals) = postSolution
		SolutionGuid = {855FDCA8-542A-4385-92E6-3E0949D04B63}
	EndGlobalSection
EndGlobal
